
Microsoft Visual Studio Solution File, Format Version 12.00
# Visual Studio 15
VisualStudioVersion = 15.0.28307.757
MinimumVisualStudioVersion = 10.0.40219.1
Project("{F184B08F-C81C-45F6-A57F-5ABD9991F28F}") = "WimpyLand", "WimpyLand\WimpyLand.vbproj", "{CBBE72B5-049B-4A6D-B1F0-8D2A4EFEF78D}"
EndProject
Global
	GlobalSection(SolutionConfigurationPlatforms) = preSolution
		Debug|Any CPU = Debug|Any CPU
		Release|Any CPU = Release|Any CPU
	EndGlobalSection
	GlobalSection(ProjectConfigurationPlatforms) = postSolution
		{CBBE72B5-049B-4A6D-B1F0-8D2A4EFEF78D}.Debug|Any CPU.ActiveCfg = Debug|Any CPU
		{CBBE72B5-049B-4A6D-B1F0-8D2A4EFEF78D}.Debug|Any CPU.Build.0 = Debug|Any CPU
		{CBBE72B5-049B-4A6D-B1F0-8D2A4EFEF78D}.Release|Any CPU.ActiveCfg = Release|Any CPU
		{CBBE72B5-049B-4A6D-B1F0-8D2A4EFEF78D}.Release|Any CPU.Build.0 = Release|Any CPU
	EndGlobalSection
	GlobalSection(SolutionProperties) = preSolution
		HideSolutionNode = FALSE
	EndGlobalSection
	GlobalSection(ExtensibilityGlobals) = postSolution
		SolutionGuid = {0DBB59B0-E957-4E5E-94D0-9913EEAEFCB2}
	EndGlobalSection
EndGlobal
