
Microsoft Visual Studio Solution File, Format Version 12.00
# Visual Studio 15
VisualStudioVersion = 15.0.28307.757
MinimumVisualStudioVersion = 10.0.40219.1
Project("{F184B08F-C81C-45F6-A57F-5ABD9991F28F}") = "InvisibleForm", "InvisibleForm\InvisibleForm.vbproj", "{DD6386C2-11C9-4C60-A20F-E34F9F5D6817}"
EndProject
Global
	GlobalSection(SolutionConfigurationPlatforms) = preSolution
		Debug|Any CPU = Debug|Any CPU
		Release|Any CPU = Release|Any CPU
	EndGlobalSection
	GlobalSection(ProjectConfigurationPlatforms) = postSolution
		{DD6386C2-11C9-4C60-A20F-E34F9F5D6817}.Debug|Any CPU.ActiveCfg = Debug|Any CPU
		{DD6386C2-11C9-4C60-A20F-E34F9F5D6817}.Debug|Any CPU.Build.0 = Debug|Any CPU
		{DD6386C2-11C9-4C60-A20F-E34F9F5D6817}.Release|Any CPU.ActiveCfg = Release|Any CPU
		{DD6386C2-11C9-4C60-A20F-E34F9F5D6817}.Release|Any CPU.Build.0 = Release|Any CPU
	EndGlobalSection
	GlobalSection(SolutionProperties) = preSolution
		HideSolutionNode = FALSE
	EndGlobalSection
	GlobalSection(ExtensibilityGlobals) = postSolution
		SolutionGuid = {4E9D023E-4DF5-41BE-B18A-E69285A520F8}
	EndGlobalSection
EndGlobal
